{
    "_meta": {
        "hash": {
            "sha256": "0099cc1aa38277e646e9e9a4b4d6e0d25a6c730bea2d4611c28874ad262ebe93"
        },
        "pipfile-spec": 6,
        "requires": {
            "python_version": "3.7"
        },
        "sources": [
            {
                "name": "pypi",
                "url": "https://pypi.org/simple",
                "verify_ssl": true
            }
        ]
    },
    "default": {
        "asttokens": {
            "hashes": [
                "sha256:284831ac3e33be743ca6ac018316b66abfd8b1a49d6366ce6c7b1fd07504a21b",
                "sha256:f58af645756597143629a4ac1fe78bc670b4429018ad741ac1f4cfd4504fc436"
            ],
            "index": "pypi",
            "version": "==2.0.3"
        },
        "attrs": {
            "hashes": [
                "sha256:29adc2665447e5191d0e7c568fde78b21f9672d344281d0c6e1ab085429b22b6",
                "sha256:86efa402f67bf2df34f51a335487cf46b1ec130d02b8d39fd248abfd30da551c"
            ],
            "markers": "python_version >= '3.5'",
            "version": "==22.1.0"
        },
        "base58": {
            "hashes": [
                "sha256:365c9561d9babac1b5f18ee797508cd54937a724b6e419a130abad69cec5ca79",
                "sha256:447adc750d6b642987ffc6d397ecd15a799852d5f6a1d308d384500243825058"
            ],
            "index": "pypi",
            "version": "==2.0.1"
        },
        "bitarray": {
            "hashes": [
                "sha256:27a69ffcee3b868abab3ce8b17c69e02b63e722d4d64ffd91d659f81e9984954"
            ],
            "version": "==1.2.2"
        },
        "certifi": {
            "hashes": [
                "sha256:5930595817496dd21bb8dc35dad090f1c2cd0adfaf21204bf6732ca5d8ee34d3",
                "sha256:8fc0819f1f30ba15bdb34cceffb9ef04d99f420f68eb75d901e9560b8749fc41"
            ],
            "index": "pypi",
            "version": "==2020.6.20"
        },
        "chardet": {
            "hashes": [
                "sha256:84ab92ed1c4d4f16916e05906b6b75a6c0fb5db821cc65e70cbd64a3e2a5eaae",
                "sha256:fc323ffcaeaed0e0a02bf4d117757b98aed530d9ed4531e3e15460124c106691"
            ],
            "version": "==3.0.4"
        },
        "cytoolz": {
            "hashes": [
                "sha256:02583c9fd4668f9e343ad4fc0e0f9651b1a0c16fe92bd208d07fd07de90fdc99",
                "sha256:02dc4565a8d27c9f3e87b715c0a300890e17c94ba1294af61c4ba97aa8482b22",
                "sha256:09f5652caeac85e3735bd5aaed49ebf4eeb7c0f15cb9b7c4a5fb6f45308dc2fd",
                "sha256:09fac69cebcb79a6ed75565fe2de9511be6e3d93f30dad115832cc1a3933b6ce",
                "sha256:0c9fe89548b1dc7c8b3160758d192791b32bd42b1c244a20809a1053a9d74428",
                "sha256:0f94b4a3500345de5853d1896b7e770ce4a6577a431f43ff7d8f05f9051aeb7d",
                "sha256:12d3d11ceb0fce8be5463f1e363366888c4b71e68fb2f5d536e4790b933cfd7e",
                "sha256:16748ea2b40c5978190d9acf9aa8fbacbfb440964c1035dc16cb14dbd557edb5",
                "sha256:1744217505b835fcf55d82d67addd0d361791c4fd6a2f485f034b343ffc7edb3",
                "sha256:1a79658fd264c5f82ea1b5cb45cf3899afabd9ec3e58c333bea042a2b4a94134",
                "sha256:1c22255e7458feb6f43d99c9578396e91d5934757c552128f6afd3b093b41c00",
                "sha256:1cf9ae77eed57924becd3ab65ae24487d7b1f9823d3e685d796e58f57424f82a",
                "sha256:21986f4a970c03ca84806b3a08e89386ac4aeb54c9b79d6a7268e83225331a87",
                "sha256:231d87ffb5fc468989e35336a2f8da1c9b8d97cfd9300cf2df32e953e4d20cae",
                "sha256:25c037a7b4f49730ccc295a03cd2217ba67ff43ac0918299f5f368271433ff0f",
                "sha256:274bc965cd93d6fa0bfe6f770cf6549bbe58d7b0a48dd6893d3f2c4b495d7f95",
                "sha256:2bd1c692ab706acb46cfebe7105945b07f7274598097e32c8979d3b22ae62cc6",
                "sha256:2d29cf7a44a8abaeb00537e3bad7abf823fce194fe707c366f81020d384e22f7",
                "sha256:2ee9ca2cfc939607926096c7cc6f298cee125f8ca53a4f46745f8dfbb7fb7ab1",
                "sha256:336551092eb1cfc2ad5878cc08ef290f744843f84c1dda06f9e4a84d2c440b73",
                "sha256:337c9a3ce2929c6361bcc1b304ce81ed675078a34c203dbb7c3e154f7ed1cca8",
                "sha256:38e3386f63ebaea46a4ee0bfefc9a38590c3b78ab86439766b5225443468a76b",
                "sha256:3a5408a74df84e84aa1c86a2f9f2ffaed51a55f34bbad5b8fae547cb9167e977",
                "sha256:3e8335998e21205574fc7d8d17844a9cc0dd4cbb25bb7716d90683a935d2c879",
                "sha256:46b9f4af719b113c01a4144c52fc4b929f98a47017a5408e3910050f4641126b",
                "sha256:4b8b1d9764d08782caa8ba0e91d76b95b973a82f4ce2a3f9c7e726bfeaddbdfa",
                "sha256:59263f296e043d4210dd34f91e6f11c4b20e6195976da23170d5ad056030258a",
                "sha256:5b7079b3197256ac6bf73f8b9484d514fac68a36d05513b9e5247354d6fc2885",
                "sha256:68336dfbe00efebbb1d02b8aa00b570dceec5d03fbd818c620aa246a8f5e5409",
                "sha256:69c04ae878d5bcde5462e7290f950bfce11fd139ec4b481687983326658e6dbe",
                "sha256:6aade6ebb4507330b0540af58dc2804415945611e90c70bb97360973e487c48a",
                "sha256:6f87472837c26b3bc91f9767c7adcfb935d0c097937c6744250672cd8c36019d",
                "sha256:6fa49cfaa0eedad59d8357a482bd10e2cc2a12ad9f41aae53427e82d3eba068a",
                "sha256:7244fb0d0b87499becc29051b82925e0daf3838e6c352e6b2d62e0f969b090af",
                "sha256:798dff7a40adbb3dfa2d50499c2038779061ebc37eccedaf28fa296cb517b84e",
                "sha256:79b46cda959f026bd9fc33b4046294b32bd5e7664a4cf607179f80ac93844e7f",
                "sha256:7fe93ffde090e2867f8ce4369d0c1abf5651817a74a3d0a4da2b1ffd412603ff",
                "sha256:8060be3b1fa24a4e3b165ce3c0ee6048f5e181289af57dbd9e3c4d4b8545dd78",
                "sha256:8237612fed78d4580e94141a74ac0977f5a9614dd7fa8f3d2fcb30e6d04e73aa",
                "sha256:886b3bf8fa99510836107097a5e5a2bd81631d3795dedc5684e25bef6538ac39",
                "sha256:8c0101bb2b2bcc0de2e2eb288a132c261e5fa883b1423799b47d4f0cfd879cd6",
                "sha256:8f40897f6f341e03a945759fcdb2208dc7c64dc312386d3088c47b78fca2a3b2",
                "sha256:94b067c88de0eaca174211c8422b3f72cbfb63b101a0eeb528c4f21282ca0afe",
                "sha256:9ac7758c5c5a66664285831261a9af8e0af504026e0987cd01535045945df6e1",
                "sha256:9dd7dbdfc24ed309af96be170c9030f43713950afab2b4bed1d372a91b37cbb0",
                "sha256:9e32292721f16516a574891a1af6760cba37a0f426a2b2cea6f9d560131a76ea",
                "sha256:9ecdd6e2be8d59b76c2bd3e2d832e7b3d5b2535c418b13cfa85e3b17de985199",
                "sha256:a15157f4280f6e5d7c2d0892847a6c4dffbd2c5cefccaf1ac1f1c6c3d2cf9936",
                "sha256:a2cca43caea857e761cc458ffb4f7af397a13824c5e71341ca08035ff5ff0b27",
                "sha256:a4acf6cb20f01a5eb5b6d459e08fb92aacfb4de8bc97e25437c1a3e71860b452",
                "sha256:a8e69c9f3a32e0f9331cf6707a0f159c6dec0ff2a9f41507f6b2d06cd423f0d0",
                "sha256:a8feb4d056c22983723278160aff8a28c507b0e942768f4e856539a60e7bb874",
                "sha256:ae403cac13c2b9a2a92e56468ca1f822899b64d75d5be8ca802f1c14870d9133",
                "sha256:ae7f417bb2b4e3906e525b3dbe944791dfa9248faea719c7a9c200aa1a019a4e",
                "sha256:b05dc257996c0accf6f877b1f212f74dc134b39c46baac09e1894d9d9c970b6a",
                "sha256:b716f66b5ee72dbf9a001316ffe72afe0bb8f6ce84e341aec64291c0ff16b9f4",
                "sha256:bb0fc2ed8efa89f31ffa99246b1d434ff3db2b7b7e35147486172da849c8024a",
                "sha256:c105b05f85e03fbcd60244375968e62e44fe798c15a3531c922d531018d22412",
                "sha256:c4ff74cb0e1a50de7f59e54a156dfd734b6593008f6f804d0726a73b89d170cd",
                "sha256:c818a382b828e960fbbedbc85663414edbbba816c2bf8c1bb5651305d79bdb97",
                "sha256:c9f8c9b3cfa20b4ce6a89b7e2e7ffda76bdd81e95b7d20bbb2c47c2b31e72622",
                "sha256:cb072fa81caab93a5892c4b69dfe0d48f52026a7fe83ba2567020a7995a456e7",
                "sha256:d035805dcdefcdfe64d97d6e1e7603798588d5e1ae08e61a5dae3258c3cb407a",
                "sha256:d212296e996a70db8d9e1c0622bc8aefa732eb0416b5441624d0fd5b853ea391",
                "sha256:d511dd49eb1263ccb4e5f84ae1478dc2824d66b813cdf700e1ba593faa256ade",
                "sha256:d61bc1713662e7d9aa3e298dad790dfd027c5c0f1342c36be8401aebe3d3d453",
                "sha256:db619f17705067f1f112d3e84a0904b2f04117e50cefc4016f435ff0dc59bc4e",
                "sha256:dc8df9adfca0da9956589f53764d459389ce86d824663c7217422232f1dfbc9d",
                "sha256:dd840adfe027d379e7aede973bc0e193e6eef9b33d46d1d42826e26db9b37d7e",
                "sha256:deb8550f487de756f1c24c56fa2c8451a53c0346868c13899c6b3a39b1f3d2c3",
                "sha256:e17516a102731bcf86446ce148127a8cd2887cf27ac388990cd63881115b4fdc",
                "sha256:ed8771e36430fb0e4398030569bdab1419e4e74f7bcd51ea57239aa95441983a",
                "sha256:edf460dc6bed081f274cd3d8ae162dd7e382014161d65edcdec832035d93901b",
                "sha256:ee1fe1a3d0c8c456c3fbf62f28d178f870d14302fcd1edbc240b717ae3ab08de",
                "sha256:ee92dadb312e657b9b666a0385fafc6dad073d8a0fbef5cea09e21011554206a",
                "sha256:ef4a496a3175aec595ae24ad03e0bb2fe76401f8f79e7ef3d344533ba990ec0e",
                "sha256:f1f5c1ef04240b323b9e6b87d4b1d7f14b735e284a33b18a509537a10f62715c",
                "sha256:f24e70d29223cde8ce3f5aefa7fd06bda12ae4386dcfbc726773e95b099cde0d",
                "sha256:f26079bc2d0b7aa1a185516ac9f7cda0d7932da6c60589bfed4079e3a5369e83",
                "sha256:f5784adcdb285e70b61efc1a369cd61c6b7f1e0b5d521651f93cde09549681f5",
                "sha256:f71b49a41826a8e7fd464d6991134a6d022a666be4e76d517850abbea561c909",
                "sha256:f909760f89a54d860cf960b4cd828f9f6301fb104cd0de5b15b16822c9c4828b",
                "sha256:f959c1319b7e6ed3367b0f5a54a7b9c59063bd053c74278b27999db013e568df",
                "sha256:fa5ded9f811c36668239adb4806fca1244b06add4d64af31119c279aab1ef8a6"
            ],
            "markers": "implementation_name == 'cpython'",
            "version": "==0.12.0"
        },
        "eth-abi": {
            "hashes": [
                "sha256:4bb1d87bb6605823379b07f6c02c8af45df01a27cc85bd6abb7cf1446ce7d188",
                "sha256:78df5d2758247a8f0766a7cfcea4575bcfe568c34a33e6d05a72c328a9040444"
            ],
            "index": "pypi",
            "version": "==2.1.1"
        },
        "eth-account": {
            "hashes": [
                "sha256:baef80956e88af5643f8602e72aab6bcd91d8a9f71dd03c7a7f1145f5e6fd694",
                "sha256:d324daf5a40bd5bdaf5ddaebfec71e7440b21f9ae4989921ce1253d63f8fe436"
            ],
            "markers": "python_version >= '3.6' and python_version < '4'",
            "version": "==0.5.6"
        },
        "eth-hash": {
            "extras": [

            ],
            "hashes": [
                "sha256:755f2f69e9e0db035181a1badf7f21901070de99a37a78a141a0a689a96c082b",
                "sha256:ea0fd4e264c97c8aa739ae1cea7199db2e1f3bdf387cc9b81ef03c660f871335"
            ],
            "markers": "python_version >= '3.7' and python_version < '4'",
            "version": "==0.5.0"
        },
        "eth-keyfile": {
            "hashes": [
                "sha256:70d734af17efdf929a90bb95375f43522be4ed80c3b9e0a8bca575fb11cd1159",
                "sha256:939540efb503380bc30d926833e6a12b22c6750de80feef3720d79e5a79de47d"
            ],
            "version": "==0.5.1"
        },
        "eth-keys": {
            "hashes": [
                "sha256:412dd5c9732b8e92af40c9c77597f4661c57eba3897aaa55e527af56a8c5ab47",
                "sha256:a9a1e83e443bd369265b1a1b66dc30f6841bdbb3577ecd042e037b7b405b6cb0"
            ],
            "index": "pypi",
            "version": "==0.3.3"
        },
        "eth-rlp": {
            "hashes": [
                "sha256:cc389ef8d7b6f76a98f90bcdbff1b8684b3a78f53d47e871191b50d4d6aee5a1",
                "sha256:f016f980b0ed42ee7650ba6e4e4d3c4e9aa06d8b9c6825a36d3afe5aa0187a8b"
            ],
            "markers": "python_version >= '3.6' and python_version < '4'",
            "version": "==0.2.1"
        },
        "eth-typing": {
            "hashes": [
                "sha256:39cce97f401f082739b19258dfa3355101c64390914c73fe2b90012f443e0dc7",
                "sha256:b7fa58635c1cb0cbf538b2f5f1e66139575ea4853eac1d6000f0961a4b277422"
            ],
            "markers": "python_version >= '3.5' and python_version < '4'",
            "version": "==2.3.0"
        },
        "eth-utils": {
            "hashes": [
                "sha256:3f03da7c445c73e9c353dbb400853caf75da988a5884d8b4fafa6c5d21641352",
                "sha256:677d68dfcdc60875459d6e1a0a9ffb80117f9a204096158931f94329ba477202"
            ],
            "index": "pypi",
            "version": "==1.9.0"
        },
        "hexbytes": {
            "hashes": [
                "sha256:123fcf397f52fc7eb34f43ca9a7930a6acfebcabe8ffaef6c7d3520c2356345a",
                "sha256:a093a5533aa63ca6614246fa97feb693b5813f9e736c38b68fe4e2d8fcc35aa5"
            ],
            "index": "pypi",
            "version": "==0.2.1"
        },
        "idna": {
            "hashes": [
                "sha256:b307872f855b18632ce0c21c5e45be78c0ea7ae4c15c828c20788b26921eb3f6",
                "sha256:b97d804b1e9b523befed77c48dacec60e6dcb0b5391d57af6a65a312a90648c0"
            ],
            "index": "pypi",
            "version": "==2.10"
        },
        "importlib-metadata": {
            "hashes": [
                "sha256:637245b8bab2b6502fcbc752cc4b7a6f6243bb02b31c5c26156ad103d3d45670",
                "sha256:7401a975809ea1fdc658c3aa4f78cc2195a0e019c5cbc4c06122884e9ae80c23"
            ],
            "markers": "python_version < '3.8'",
            "version": "==4.12.0"
        },
        "ipfshttpclient": {
            "hashes": [
                "sha256:3f7b10919ca4158957aad194c20e34e8fb72296d9af015bd248a736ac9de1e6f",
                "sha256:d777d91562b23813cf7aa17dbe362958087c3fcc8b98a16cbe42c562a7724055"
            ],
            "index": "pypi",
            "version": "==0.6.0.post1"
        },
        "jsonschema": {
            "hashes": [
                "sha256:4e5b3cf8216f577bee9ce139cbe72eca3ea4f292ec60928ff24758ce626cd163",
                "sha256:c8a85b28d377cc7737e46e2d9f2b4f44ee3c0e1deac6bf46ddefc7187d30797a"
            ],
            "version": "==3.2.0"
        },
        "lru-dict": {
            "hashes": [
                "sha256:075b9dd46d7022b675419bc6e3631748ae184bc8af195d20365a98b4f3bb2914",
                "sha256:0972d669e9e207617e06416166718b073a49bf449abbd23940d9545c0847a4d9",
                "sha256:0f83cd70a6d32f9018d471be609f3af73058f700691657db4a3d3dd78d3f96dd",
                "sha256:10fe823ff90b655f0b6ba124e2b576ecda8c61b8ead76b456db67831942d22f2",
                "sha256:163079dbda54c3e6422b23da39fb3ecc561035d65e8496ff1950cbdb376018e1",
                "sha256:1fe16ade5fd0a57e9a335f69b8055aaa6fb278fbfa250458e4f6b8255115578f",
                "sha256:262a4e622010ceb960a6a5222ed011090e50954d45070fd369c0fa4d2ed7d9a9",
                "sha256:2f340b61f3cdfee71f66da7dbfd9a5ea2db6974502ccff2065cdb76619840dca",
                "sha256:348167f110494cfafae70c066470a6f4e4d43523933edf16ccdb8947f3b5fae0",
                "sha256:3b1692755fef288b67af5cd8a973eb331d1f44cb02cbdc13660040809c2bfec6",
                "sha256:3ca497cb25f19f24171f9172805f3ff135b911aeb91960bd4af8e230421ccb51",
                "sha256:3d003a864899c29b0379e412709a6e516cbd6a72ee10b09d0b33226343617412",
                "sha256:3fef595c4f573141d54a38bda9221b9ee3cbe0acc73d67304a1a6d5972eb2a02",
                "sha256:484ac524e4615f06dc72ffbfd83f26e073c9ec256de5413634fbd024c010a8bc",
                "sha256:55aeda6b6789b2d030066b4f5f6fc3596560ba2a69028f35f3682a795701b5b1",
                "sha256:5a592363c93d6fc6472d5affe2819e1c7590746aecb464774a4f67e09fbefdfc",
                "sha256:5b09dbe47bc4b4d45ffe56067aff190bc3c0049575da6e52127e114236e0a6a7",
                "sha256:6e2a7aa9e36626fb48fdc341c7e3685a31a7b50ea4918677ea436271ad0d904d",
                "sha256:70364e3cbef536adab8762b4835e18f5ca8e3fddd8bd0ec9258c42bbebd0ee77",
                "sha256:720f5728e537f11a311e8b720793a224e985d20e6b7c3d34a891a391865af1a2",
                "sha256:7284bdbc5579bbdc3fc8f869ed4c169f403835566ab0f84567cdbfdd05241847",
                "sha256:7be1b66926277993cecdc174c15a20c8ce785c1f8b39aa560714a513eef06473",
                "sha256:86d32a4498b74a75340497890a260d37bf1560ad2683969393032977dd36b088",
                "sha256:878bc8ef4073e5cfb953dfc1cf4585db41e8b814c0106abde34d00ee0d0b3115",
                "sha256:881104711900af45967c2e5ce3e62291dd57d5b2a224d58b7c9f60bf4ad41b8c",
                "sha256:8c50ab9edaa5da5838426816a2b7bcde9d576b4fc50e6a8c062073dbc4969d78",
                "sha256:8f6561f9cd5a452cb84905c6a87aa944fdfdc0f41cc057d03b71f9b29b2cc4bd",
                "sha256:93336911544ebc0e466272043adab9fb9f6e9dcba6024b639c32553a3790e089",
                "sha256:9447214e4857e16d14158794ef01e4501d8fad07d298d03308d9f90512df02fa",
                "sha256:97c24ffc55de6013075979f440acd174e88819f30387074639fb7d7178ca253e",
                "sha256:99f6cfb3e28490357a0805b409caf693e46c61f8dbb789c51355adb693c568d3",
                "sha256:9be6c4039ef328676b868acea619cd100e3de1a35b3be211cf0eaf9775563b65",
                "sha256:9d70257246b8207e8ef3d8b18457089f5ff0dfb087bd36eb33bce6584f2e0b3a",
                "sha256:a777d48319d293b1b6a933d606c0e4899690a139b4c81173451913bbcab6f44f",
                "sha256:add762163f4af7f4173fafa4092eb7c7f023cf139ef6d2015cfea867e1440d82",
                "sha256:b6f64005ede008b7a866be8f3f6274dbf74e656e15e4004e9d99ad65efb01809",
                "sha256:beb089c46bd95243d1ac5b2bd13627317b08bf40dd8dc16d4b7ee7ecb3cf65ca",
                "sha256:c07163c9dcbb2eca377f366b1331f46302fd8b6b72ab4d603087feca00044bb0",
                "sha256:c2fe692332c2f1d81fd27457db4b35143801475bfc2e57173a2403588dd82a42",
                "sha256:ca8f89361e0e7aad0bf93ae03a31502e96280faeb7fb92267f4998fb230d36b2",
                "sha256:d2ed4151445c3f30423c2698f72197d64b27b1cd61d8d56702ffe235584e47c2",
                "sha256:db20597c4e67b4095b376ce2e83930c560f4ce481e8d05737885307ed02ba7c1",
                "sha256:de972c7f4bc7b6002acff2a8de984c55fbd7f2289dba659cfd90f7a0f5d8f5d1",
                "sha256:f1df1da204a9f0b5eb8393a46070f1d984fa8559435ee790d7f8f5602038fc00",
                "sha256:f4d0a6d733a23865019b1c97ed6fb1fdb739be923192abf4dbb644f697a26a69",
                "sha256:f874e9c2209dada1a080545331aa1277ec060a13f61684a8642788bf44b2325f",
                "sha256:f877f53249c3e49bbd7612f9083127290bede6c7d6501513567ab1bf9c581381",
                "sha256:f9d5815c0e85922cd0fb8344ca8b1c7cf020bf9fc45e670d34d51932c91fd7ec"
            ],
            "version": "==1.1.8"
        },
        "more-itertools": {
            "hashes": [
                "sha256:68c70cc7167bdf5c7c9d8f6954a7837089c6a36bf565383919bb595efb8a17e5",
                "sha256:b78134b2063dd214000685165d81c154522c3ee0a1c0d4d113c80361c234c5a2"
            ],
            "index": "pypi",
            "version": "==8.4.0"
        },
        "multiaddr": {
            "hashes": [
                "sha256:30b2695189edc3d5b90f1c303abb8f02d963a3a4edf2e7178b975eb417ab0ecf",
                "sha256:5c0f862cbcf19aada2a899f80ef896ddb2e85614e0c8f04dd287c06c69dac95b"
            ],
            "index": "pypi",
            "version": "==0.0.9"
        },
        "netaddr": {
            "hashes": [
                "sha256:9666d0232c32d2656e5e5f8d735f58fd6c7457ce52fc21c98d45f2af78f990ac",
                "sha256:d6cc57c7a07b1d9d2e917aa8b36ae8ce61c35ba3fcd1b83ca31c5a0ee2b5a243"
            ],
            "index": "pypi",
            "version": "==0.8.0"
        },
        "parsimonious": {
            "hashes": [
                "sha256:3add338892d580e0cb3b1a39e4a1b427ff9f687858fdd61097053742391a9f6b"
            ],
            "version": "==0.8.1"
        },
        "protobuf": {
            "hashes": [
                "sha256:0c44e01f74109decea196b5b313b08edb5316df77313995594a6981e95674259",
                "sha256:15cdecb0d192ab5f17cdc21a9c0ae7b5c6c4451e42c8a888a4f3344c190e369c",
                "sha256:196a153e487c0e20d62259872bbf2e1c4fa18e2ce97e20984fcbf9d8b151058d",
                "sha256:3149c373e9b7ce296bb24d42a3eb677d620185b5dff2c390b2cf57baf79afdc1",
                "sha256:370a6b885e94adda021d4cbe43accdfbf6a02af651a0be337a28906a3fa77f3d",
                "sha256:474247630834f93214fafce49d2ee6ff4c036c8c5382b88432b7eae6f08f131b",
                "sha256:6380aae2683d0d1b41199e591c8ba06f867e8a778d44309af87073c1b34a9f3a",
                "sha256:6741d7d1cfcbdd6cf610f38b7976cf8c0b41022203555298925e4061b6616608",
                "sha256:700787cb56b4cb7b8ed5f7d197b9d8f30080f257f3c7431eec1fdd8060660929",
                "sha256:8117b52c2531e4033f7d02b9be5a78564da41a8b02c255e1b731ad4bd75e7dc0",
                "sha256:850da2072d98c6e576b7eb29734cdde6fd9f5d157e43d7818d79f4b373ef5d51",
                "sha256:85d1fb5ff1d638a0045bbe4f01a8f287023aa4f2b29011445b1be0edc74a2103",
                "sha256:93bca9aaeee8008e15696c2a6b5e56b992da03f9d237ff54310e397d635f8305",
                "sha256:98d414513ec44bb3ba77ebdeffcbbe6ebbf3630c767d37a285890c2414fdd4e2",
                "sha256:a7f91a4e5bf3cc58b2830c9cb01b04ac5e211c288048e9296cd407ec0455fb89",
                "sha256:abbcb8ecd19cfb729b9b71f9a453e37c0c1c017be4bff47804ff25150685386d",
                "sha256:b03966ca4d1aa7850f5bf0d841c22a8eeb6ce091f77e585ffeb8b95a6b0a96c4",
                "sha256:cde2a73b03049b904dbc5d0f500b97e11abb4109dbe2940e6a1595e2eef4e8a9",
                "sha256:d52a687e2c74c40f45abd6906f833d4e40f0f8cfa4226a80e4695fedafe6c57e",
                "sha256:e68ad00695547d9397dd14abd3efba23cb31cef67228f4512d41396971889812",
                "sha256:e9bffd52d6ee039a1cafb72475b2900c6fd0f0dca667fb7a09af0a3e119e78cb"
            ],
            "index": "pypi",
            "version": "==3.18.3"
        },
        "pycryptodome": {
            "hashes": [
                "sha256:02e51e1d5828d58f154896ddfd003e2e7584869c275e5acbe290443575370fba",
                "sha256:03d5cca8618620f45fd40f827423f82b86b3a202c8d44108601b0f5f56b04299",
                "sha256:0e24171cf01021bc5dc17d6a9d4f33a048f09d62cc3f62541e95ef104588bda4",
                "sha256:132a56abba24e2e06a479d8e5db7a48271a73a215f605017bbd476d31f8e71c1",
                "sha256:1e655746f539421d923fd48df8f6f40b3443d80b75532501c0085b64afed9df5",
                "sha256:2b998dc45ef5f4e5cf5248a6edfcd8d8e9fb5e35df8e4259b13a1b10eda7b16b",
                "sha256:360955eece2cd0fa694a708d10303c6abd7b39614fa2547b6bd245da76198beb",
                "sha256:39ef9fb52d6ec7728fce1f1693cb99d60ce302aeebd59bcedea70ca3203fda60",
                "sha256:4350a42028240c344ee855f032c7d4ad6ff4f813bfbe7121547b7dc579ecc876",
                "sha256:50348edd283afdccddc0938cdc674484533912ba8a99a27c7bfebb75030aa856",
                "sha256:54bdedd28476dea8a3cd86cb67c0df1f0e3d71cae8022354b0f879c41a3d27b2",
                "sha256:55eb61aca2c883db770999f50d091ff7c14016f2769ad7bca3d9b75d1d7c1b68",
                "sha256:6276478ada411aca97c0d5104916354b3d740d368407912722bd4d11aa9ee4c2",
                "sha256:663f8de2b3df2e744d6e1610506e0ea4e213bde906795953c1e82279c169f0a7",
                "sha256:67dcad1b8b201308586a8ca2ffe89df1e4f731d5a4cdd0610cc4ea790351c739",
                "sha256:709b9f144d23e290b9863121d1ace14a72e01f66ea9c903fbdc690520dfdfcf0",
                "sha256:8063a712fba642f78d3c506b0896846601b6de7f5c3d534e388ad0cc07f5a149",
                "sha256:80d57177a0b7c14d4594c62bbb47fe2f6309ad3b0a34348a291d570925c97a82",
                "sha256:87006cf0d81505408f1ae4f55cf8a5d95a8e029a4793360720ae17c6500f7ecc",
                "sha256:9f62d21bc693f3d7d444f17ed2ad7a913b4c37c15cd807895d013c39c0517dfd",
                "sha256:a207231a52426de3ff20f5608f0687261a3329d97a036c51f7d4c606a6f30c23",
                "sha256:abc2e126c9490e58a36a0f83516479e781d83adfb134576a5cbe5c6af2a3e93c",
                "sha256:b56638d58a3a4be13229c6a815cd448f9e3ce40c00880a5398471b42ee86f50e",
                "sha256:bcd5b8416e73e4b0d48afba3704d8c826414764dafaed7a1a93c442188d90ccc",
                "sha256:bec2bcdf7c9ce7f04d718e51887f3b05dc5c1cfaf5d2c2e9065ecddd1b2f6c9a",
                "sha256:c8bf40cf6e281a4378e25846924327e728a887e8bf0ee83b2604a0f4b61692e8",
                "sha256:cecbf67e81d6144a50dc615629772859463b2e4f815d0c082fa421db362f040e",
                "sha256:d8074c8448cfd0705dfa71ca333277fce9786d0b9cac75d120545de6253f996a",
                "sha256:dd302b6ae3965afeb5ef1b0d92486f986c0e65183cd7835973f0b593800590e6",
                "sha256:de6e1cd75677423ff64712c337521e62e3a7a4fc84caabbd93207752e831a85a",
                "sha256:ef39c98d9b8c0736d91937d193653e47c3b19ddf4fc3bccdc5e09aaa4b0c5d21",
                "sha256:f2e045224074d5664dc9cbabbf4f4d4d46f1ee90f24780e3a9a668fd096ff17f",
                "sha256:f521178e5a991ffd04182ed08f552daca1affcb826aeda0e1945cd989a9d4345",
                "sha256:f78a68c2c820e4731e510a2df3eef0322f24fde1781ced970bf497b6c7d92982",
                "sha256:fbe65d5cfe04ff2f7684160d50f5118bdefb01e3af4718eeb618bfed40f19d94"
            ],
            "index": "pypi",
            "version": "==3.9.8"
        },
        "pyrsistent": {
            "hashes": [
                "sha256:28669905fe725965daa16184933676547c5bb40a5153055a8dee2a4bd7933ad3"
            ],
            "index": "pypi",
            "version": "==0.16.0"
        },
        "requests": {
            "hashes": [
                "sha256:b3559a131db72c33ee969480840fff4bb6dd111de7dd27c8ee1f820f4f00231b",
                "sha256:fe75cc94a9443b9246fc7049224f75604b113c36acb93f87b80ed42c44cbb898"
            ],
            "index": "pypi",
            "version": "==2.24.0"
        },
        "rlp": {
            "hashes": [
                "sha256:52a57c9f53f03c88b189283734b397314288250cc4a3c4113e9e36e2ac6bdd16",
                "sha256:665e8312750b3fc5f7002e656d05b9dcb6e93b6063df40d95c49ad90c19d1f0e"
            ],
            "version": "==2.0.1"
        },
        "semantic-version": {
            "hashes": [
                "sha256:45e4b32ee9d6d70ba5f440ec8cc5221074c7f4b0e8918bdab748cc37912440a9",
                "sha256:d2cb2de0558762934679b9a104e82eca7af448c9f4974d1f3eeccff651df8a54"
            ],
            "markers": "python_version >= '2.7' and python_version not in '3.0, 3.1, 3.2, 3.3'",
            "version": "==2.8.5"
        },
        "setuptools": {
            "hashes": [
                "sha256:60351853f8c093ef57224695ee989d5d074168f6b93dae000fa9996072adaba3",
                "sha256:daf2e1c215f805b0ddc3b4262886bb6667ae0d4563887a8374fb766adc47c324"
            ],
            "index": "pypi",
            "version": "==49.1.0"
        },
        "six": {
            "hashes": [
                "sha256:1e61c37477a1626458e36f7b1d82aa5c9b094fa4802892072e49de9c60c4c926",
                "sha256:8abb2f1d86890a2dfb989f9a77cfcfd3e47c2a354b01111771326f8aa26e0254"
            ],
            "markers": "python_version >= '2.7' and python_version not in '3.0, 3.1, 3.2, 3.3'",
            "version": "==1.16.0"
        },
        "sqlalchemy": {
            "hashes": [
                "sha256:0942a3a0df3f6131580eddd26d99071b48cfe5aaf3eab2783076fbc5a1c1882e",
                "sha256:0ec575db1b54909750332c2e335c2bb11257883914a03bc5a3306a4488ecc772",
                "sha256:109581ccc8915001e8037b73c29590e78ce74be49ca0a3630a23831f9e3ed6c7",
                "sha256:16593fd748944726540cd20f7e83afec816c2ac96b082e26ae226e8f7e9688cf",
                "sha256:427273b08efc16a85aa2b39892817e78e3ed074fcb89b2a51c4979bae7e7ba98",
                "sha256:50c4ee32f0e1581828843267d8de35c3298e86ceecd5e9017dc45788be70a864",
                "sha256:512a85c3c8c3995cc91af3e90f38f460da5d3cade8dc3a229c8e0879037547c9",
                "sha256:57aa843b783179ab72e863512e14bdcba186641daf69e4e3a5761d705dcc35b1",
                "sha256:621f58cd921cd71ba6215c42954ffaa8a918eecd8c535d97befa1a8acad986dd",
                "sha256:6ac2558631a81b85e7fb7a44e5035347938b0a73f5fdc27a8566777d0792a6a4",
                "sha256:716754d0b5490bdcf68e1e4925edc02ac07209883314ad01a137642ddb2056f1",
                "sha256:736d41cfebedecc6f159fc4ac0769dc89528a989471dc1d378ba07d29a60ba1c",
                "sha256:8619b86cb68b185a778635be5b3e6018623c0761dde4df2f112896424aa27bd8",
                "sha256:87fad64529cde4f1914a5b9c383628e1a8f9e3930304c09cf22c2ae118a1280e",
                "sha256:89494df7f93b1836cae210c42864b292f9b31eeabca4810193761990dc689cce",
                "sha256:8cac7bb373a5f1423e28de3fd5fc8063b9c8ffe8957dc1b1a59cb90453db6da1",
                "sha256:8fd452dc3d49b3cc54483e033de6c006c304432e6f84b74d7b2c68afa2569ae5",
                "sha256:adad60eea2c4c2a1875eb6305a0b6e61a83163f8e233586a4d6a55221ef984fe",
                "sha256:c26f95e7609b821b5f08a72dab929baa0d685406b953efd7c89423a511d5c413",
                "sha256:cbe1324ef52ff26ccde2cb84b8593c8bf930069dfc06c1e616f1bfd4e47f48a3",
                "sha256:d05c4adae06bd0c7f696ae3ec8d993ed8ffcc4e11a76b1b35a5af8a099bd2284",
                "sha256:d98bc827a1293ae767c8f2f18be3bb5151fd37ddcd7da2a5f9581baeeb7a3fa1",
                "sha256:da2fb75f64792c1fc64c82313a00c728a7c301efe6a60b7a9fe35b16b4368ce7",
                "sha256:e4624d7edb2576cd72bb83636cd71c8ce544d8e272f308bd80885056972ca299",
                "sha256:e89e0d9e106f8a9180a4ca92a6adde60c58b1b0299e1b43bd5e0312f535fbf33",
                "sha256:f11c2437fb5f812d020932119ba02d9e2bc29a6eca01a055233a8b449e3e1e7d",
                "sha256:f57be5673e12763dd400fea568608700a63ce1c6bd5bdbc3cc3a2c5fdb045274",
                "sha256:fc728ece3d5c772c196fd338a99798e7efac7a04f9cb6416299a3638ee9a94cd"
            ],
            "index": "pypi",
            "version": "==1.3.18"
        },
        "toolz": {
            "hashes": [
                "sha256:2059bd4148deb1884bb0eb770a3cde70e7f954cfbbdc2285f1f2de01fd21eb6f",
                "sha256:88c570861c440ee3f2f6037c4654613228ff40c93a6c25e0eba70d17282c6194"
            ],
            "markers": "python_version >= '3.5'",
            "version": "==0.12.0"
        },
        "typing-extensions": {
            "hashes": [
                "sha256:6e95524d8a547a91e08f404ae485bbb71962de46967e1b71a0cb89af24e761c5",
                "sha256:79ee589a3caca649a9bfd2a8de4709837400dfa00b6cc81962a1e6a1815969ae",
                "sha256:f8d2bd89d25bc39dabe7d23df520442fa1d8969b82544370e03d88b5a591c392"
            ],
            "index": "pypi",
            "version": "==3.7.4.2"
        },
        "urllib3": {
            "hashes": [
                "sha256:3018294ebefce6572a474f0604c2021e33b3fd8006ecd11d62107a5d2a963527",
                "sha256:88206b0eb87e6d677d424843ac5209e3fb9d0190d0ee169599165ec25e9d9115"
            ],
            "index": "pypi",
            "version": "==1.25.9"
        },
        "varint": {
            "hashes": [
                "sha256:a6ecc02377ac5ee9d65a6a8ad45c9ff1dac8ccee19400a5950fb51d594214ca5"
            ],
            "version": "==1.0.2"
        },
        "vyper": {
            "hashes": [
                "sha256:8c21d6970722b1b9571645f0683d0ea845312fa130fba6c6579196ffa5a16acf",
                "sha256:c49ad837b9f26679729781afa434ff9692aab2994a911b234c2c73cea133f218"
            ],
            "index": "pypi",
            "version": "==0.2.2"
        },
        "web3": {
            "hashes": [
                "sha256:32b002590ff89c80ef3438e94c1f77bded9111b7f20af5bc297d8d6da496f666",
                "sha256:968fbc558bbca4552936b77c2c646fd6777774315610449534972b484487e45b"
            ],
            "index": "pypi",
            "version": "==5.11.1"
        },
        "websockets": {
            "hashes": [
                "sha256:0e4fb4de42701340bd2353bb2eee45314651caa6ccee80dbd5f5d5978888fed5",
                "sha256:1d3f1bf059d04a4e0eb4985a887d49195e15ebabc42364f4eb564b1d065793f5",
                "sha256:20891f0dddade307ffddf593c733a3fdb6b83e6f9eef85908113e628fa5a8308",
                "sha256:295359a2cc78736737dd88c343cd0747546b2174b5e1adc223824bcaf3e164cb",
                "sha256:2db62a9142e88535038a6bcfea70ef9447696ea77891aebb730a333a51ed559a",
                "sha256:3762791ab8b38948f0c4d281c8b2ddfa99b7e510e46bd8dfa942a5fff621068c",
                "sha256:3db87421956f1b0779a7564915875ba774295cc86e81bc671631379371af1170",
                "sha256:3ef56fcc7b1ff90de46ccd5a687bbd13a3180132268c4254fc0fa44ecf4fc422",
                "sha256:4f9f7d28ce1d8f1295717c2c25b732c2bc0645db3215cf757551c392177d7cb8",
                "sha256:5c01fd846263a75bc8a2b9542606927cfad57e7282965d96b93c387622487485",
                "sha256:5c65d2da8c6bce0fca2528f69f44b2f977e06954c8512a952222cea50dad430f",
                "sha256:751a556205d8245ff94aeef23546a1113b1dd4f6e4d102ded66c39b99c2ce6c8",
                "sha256:7ff46d441db78241f4c6c27b3868c9ae71473fe03341340d2dfdbe8d79310acc",
                "sha256:965889d9f0e2a75edd81a07592d0ced54daa5b0785f57dc429c378edbcffe779",
                "sha256:9b248ba3dd8a03b1a10b19efe7d4f7fa41d158fdaa95e2cf65af5a7b95a4f989",
                "sha256:9bef37ee224e104a413f0780e29adb3e514a5b698aabe0d969a6ba426b8435d1",
                "sha256:c1ec8db4fac31850286b7cd3b9c0e1b944204668b8eb721674916d4e28744092",
                "sha256:c8a116feafdb1f84607cb3b14aa1418424ae71fee131642fc568d21423b51824",
                "sha256:ce85b06a10fc65e6143518b96d3dca27b081a740bae261c2fb20375801a9d56d",
                "sha256:d705f8aeecdf3262379644e4b55107a3b55860eb812b673b28d0fbc347a60c55",
                "sha256:e898a0863421650f0bebac8ba40840fc02258ef4714cb7e1fd76b6a6354bda36",
                "sha256:f8a7bff6e8664afc4e6c28b983845c5bc14965030e3fb98789734d416af77c4b"
            ],
            "markers": "python_full_version >= '3.6.1'",
            "version": "==8.1"
        },
        "zipp": {
            "hashes": [
                "sha256:aa36550ff0c0b7ef7fa639055d797116ee891440eac1a56f378e2d3179e0320b",
                "sha256:c599e4d75c98f6798c509911d08a22e6c021d074469042177c8c86fb92eefd96"
            ],
            "index": "pypi",
            "version": "==3.1.0"
        }
    },
    "develop": {}
}
